
Microsoft Visual Studio Solution File, Format Version 12.00
# Visual Studio Version 16
VisualStudioVersion = 16.0.29123.88
MinimumVisualStudioVersion = 10.0.40219.1
Project("{FAE04EC0-301F-11D3-BF4B-00C04F79EFBC}") = "DI_Tema4_Ejer1", "DI_Tema4_Ejer1\DI_Tema4_Ejer1.csproj", "{2F19D50D-6DA1-46D3-BE88-8283CBAF5B16}"
EndProject
Global
	GlobalSection(SolutionConfigurationPlatforms) = preSolution
		Debug|Any CPU = Debug|Any CPU
		Release|Any CPU = Release|Any CPU
	EndGlobalSection
	GlobalSection(ProjectConfigurationPlatforms) = postSolution
		{2F19D50D-6DA1-46D3-BE88-8283CBAF5B16}.Debug|Any CPU.ActiveCfg = Debug|Any CPU
		{2F19D50D-6DA1-46D3-BE88-8283CBAF5B16}.Debug|Any CPU.Build.0 = Debug|Any CPU
		{2F19D50D-6DA1-46D3-BE88-8283CBAF5B16}.Release|Any CPU.ActiveCfg = Release|Any CPU
		{2F19D50D-6DA1-46D3-BE88-8283CBAF5B16}.Release|Any CPU.Build.0 = Release|Any CPU
	EndGlobalSection
	GlobalSection(SolutionProperties) = preSolution
		HideSolutionNode = FALSE
	EndGlobalSection
	GlobalSection(ExtensibilityGlobals) = postSolution
		SolutionGuid = {73D0C7E4-6D3B-412B-AC09-61A974E840F3}
	EndGlobalSection
EndGlobal
